
Microsoft Visual Studio Solution File, Format Version 12.00
# Visual Studio Version 16
VisualStudioVersion = 16.0.31105.61
MinimumVisualStudioVersion = 10.0.40219.1
Project("{FAE04EC0-301F-11D3-BF4B-00C04F79EFBC}") = "Seuphone.Api", "Seuphone.Api\Seuphone.Api.csproj", "{98B3A3F6-54E4-4403-9E74-8F917C75CD5E}"
EndProject
Global
	GlobalSection(SolutionConfigurationPlatforms) = preSolution
		Debug|Any CPU = Debug|Any CPU
		Release|Any CPU = Release|Any CPU
	EndGlobalSection
	GlobalSection(ProjectConfigurationPlatforms) = postSolution
		{98B3A3F6-54E4-4403-9E74-8F917C75CD5E}.Debug|Any CPU.ActiveCfg = Debug|Any CPU
		{98B3A3F6-54E4-4403-9E74-8F917C75CD5E}.Debug|Any CPU.Build.0 = Debug|Any CPU
		{98B3A3F6-54E4-4403-9E74-8F917C75CD5E}.Release|Any CPU.ActiveCfg = Release|Any CPU
		{98B3A3F6-54E4-4403-9E74-8F917C75CD5E}.Release|Any CPU.Build.0 = Release|Any CPU
	EndGlobalSection
	GlobalSection(SolutionProperties) = preSolution
		HideSolutionNode = FALSE
	EndGlobalSection
	GlobalSection(ExtensibilityGlobals) = postSolution
		SolutionGuid = {E0C192B0-82A5-41FF-9DC3-F73EC5B86CD1}
	EndGlobalSection
EndGlobal
